Microsoft Visual Studio Solution File, Format Version 12.00
# Visual Studio Version 18
VisualStudioVersion = 18.0.0.0
MinimumVisualStudioVersion = 10.0.40219.1
Project("{BC8A1FFA-BEE3-4634-8014-F334798102B3}") = "EngineLauncher", "..\Game\Launcher\EngineLauncher.vcxproj", "{0DF40264-80AB-4D4F-B271-3D0AE7A62B9E}"
EndProject
Project("{BC8A1FFA-BEE3-4634-8014-F334798102B3}") = "Engine", "Engine.vcxproj", "{90A42B03-FDD9-4E98-834D-49B44E58C029}"
EndProject
Project("{BC8A1FFA-BEE3-4634-8014-F334798102B3}") = "EngineTests", "tests\EngineTests.vcxproj", "{94C78F3A-C155-4A75-AD59-E14231F655CE}"
EndProject
Project("{BC8A1FFA-BEE3-4634-8014-F334798102B3}") = "BasicExamples", "..\Game\BasicExamples\BasicExamples.vcxproj", "{44337448-6FD6-40E1-AD30-A6150B8D85AE}"
EndProject
Project("{BC8A1FFA-BEE3-4634-8014-F334798102B3}") = "Pong", "..\Game\Pong\Pong.vcxproj", "{5B1473BF-F656-45E8-A390-9B3382970DD3}"
EndProject
Project("{BC8A1FFA-BEE3-4634-8014-F334798102B3}") = "SunGame", "..\Game\SunGame\SunGame.vcxproj", "{38318807-45BB-4298-9CAA-836D9D274E04}"
EndProject
Project("{BC8A1FFA-BEE3-4634-8014-F334798102B3}") = "Katamari", "..\Game\Katamari\Katamari.vcxproj", "{66BCFD2D-77A1-4F9C-97A5-A95D097368FE}"
EndProject
Project("{BC8A1FFA-BEE3-4634-8014-F334798102B3}") = "EngineRuntime", "Runtime\EngineRuntime.vcxproj", "{30B3ACB8-B4EF-5CF4-8E65-FA5CB8AC1DC6}"
EndProject
Project("{BC8A1FFA-BEE3-4634-8014-F334798102B3}") = "EditorModule", "..\Editor\EditorModule.vcxproj", "{D1C7E1A4-515D-501E-AEC8-7E082E8D7425}"
EndProject
Project("{BC8A1FFA-BEE3-4634-8014-F334798102B3}") = "RuntimeExample", "..\Game\RuntimeExample\RuntimeExample.vcxproj", "{7A86EB5A-6C85-5FFA-8266-59398BABE19F}"
EndProject
Global
  GlobalSection(SolutionConfigurationPlatforms) = preSolution
    Debug|x64 = Debug|x64
    Release|x64 = Release|x64
  EndGlobalSection
  GlobalSection(ProjectConfigurationPlatforms) = postSolution
    {30B3ACB8-B4EF-5CF4-8E65-FA5CB8AC1DC6}.Debug|x64.ActiveCfg = Debug|x64
    {30B3ACB8-B4EF-5CF4-8E65-FA5CB8AC1DC6}.Debug|x64.Build.0 = Debug|x64
    {30B3ACB8-B4EF-5CF4-8E65-FA5CB8AC1DC6}.Release|x64.ActiveCfg = Release|x64
    {30B3ACB8-B4EF-5CF4-8E65-FA5CB8AC1DC6}.Release|x64.Build.0 = Release|x64
    {D1C7E1A4-515D-501E-AEC8-7E082E8D7425}.Debug|x64.ActiveCfg = Debug|x64
    {D1C7E1A4-515D-501E-AEC8-7E082E8D7425}.Debug|x64.Build.0 = Debug|x64
    {D1C7E1A4-515D-501E-AEC8-7E082E8D7425}.Release|x64.ActiveCfg = Release|x64
    {D1C7E1A4-515D-501E-AEC8-7E082E8D7425}.Release|x64.Build.0 = Release|x64
    {7A86EB5A-6C85-5FFA-8266-59398BABE19F}.Debug|x64.ActiveCfg = Debug|x64
    {7A86EB5A-6C85-5FFA-8266-59398BABE19F}.Debug|x64.Build.0 = Debug|x64
    {7A86EB5A-6C85-5FFA-8266-59398BABE19F}.Release|x64.ActiveCfg = Release|x64
    {7A86EB5A-6C85-5FFA-8266-59398BABE19F}.Release|x64.Build.0 = Release|x64
    {0DF40264-80AB-4D4F-B271-3D0AE7A62B9E}.Debug|x64.ActiveCfg = Debug|x64
    {0DF40264-80AB-4D4F-B271-3D0AE7A62B9E}.Debug|x64.Build.0 = Debug|x64
    {0DF40264-80AB-4D4F-B271-3D0AE7A62B9E}.Release|x64.ActiveCfg = Release|x64
    {0DF40264-80AB-4D4F-B271-3D0AE7A62B9E}.Release|x64.Build.0 = Release|x64
    {90A42B03-FDD9-4E98-834D-49B44E58C029}.Debug|x64.ActiveCfg = Debug|x64
    {90A42B03-FDD9-4E98-834D-49B44E58C029}.Debug|x64.Build.0 = Debug|x64
    {90A42B03-FDD9-4E98-834D-49B44E58C029}.Release|x64.ActiveCfg = Release|x64
    {90A42B03-FDD9-4E98-834D-49B44E58C029}.Release|x64.Build.0 = Release|x64
    {94C78F3A-C155-4A75-AD59-E14231F655CE}.Debug|x64.ActiveCfg = Debug|x64
    {94C78F3A-C155-4A75-AD59-E14231F655CE}.Debug|x64.Build.0 = Debug|x64
    {94C78F3A-C155-4A75-AD59-E14231F655CE}.Release|x64.ActiveCfg = Release|x64
    {94C78F3A-C155-4A75-AD59-E14231F655CE}.Release|x64.Build.0 = Release|x64
    {44337448-6FD6-40E1-AD30-A6150B8D85AE}.Debug|x64.ActiveCfg = Debug|x64
    {44337448-6FD6-40E1-AD30-A6150B8D85AE}.Debug|x64.Build.0 = Debug|x64
    {44337448-6FD6-40E1-AD30-A6150B8D85AE}.Release|x64.ActiveCfg = Release|x64
    {44337448-6FD6-40E1-AD30-A6150B8D85AE}.Release|x64.Build.0 = Release|x64
    {5B1473BF-F656-45E8-A390-9B3382970DD3}.Debug|x64.ActiveCfg = Debug|x64
    {5B1473BF-F656-45E8-A390-9B3382970DD3}.Debug|x64.Build.0 = Debug|x64
    {5B1473BF-F656-45E8-A390-9B3382970DD3}.Release|x64.ActiveCfg = Release|x64
    {5B1473BF-F656-45E8-A390-9B3382970DD3}.Release|x64.Build.0 = Release|x64
    {38318807-45BB-4298-9CAA-836D9D274E04}.Debug|x64.ActiveCfg = Debug|x64
    {38318807-45BB-4298-9CAA-836D9D274E04}.Debug|x64.Build.0 = Debug|x64
    {38318807-45BB-4298-9CAA-836D9D274E04}.Release|x64.ActiveCfg = Release|x64
    {38318807-45BB-4298-9CAA-836D9D274E04}.Release|x64.Build.0 = Release|x64
    {66BCFD2D-77A1-4F9C-97A5-A95D097368FE}.Debug|x64.ActiveCfg = Debug|x64
    {66BCFD2D-77A1-4F9C-97A5-A95D097368FE}.Release|x64.ActiveCfg = Release|x64
  EndGlobalSection
EndGlobal
